github.com/mattn/go-sqlite3 v1.14.17 h1:mCRHCLDUBXgpKAqIKsaAaAsrAlbkeomtRFKXh2L6YIM=
github.com/mattn/go-sqlite3 v1.14.17/go.mod h1:2eHXhiwb8IkHr+BDWZGa96P6+rkvnG63S2DGjv9HUNg=
github.com/sazardev/gojango v1.0.0 h1:1D2eA3WcI/A7CCptbkAZebS7SJrtG9NiNJDIefDkdrQ=
github.com/sazardev/gojango v1.0.0/go.mod h1:/GdHJvEHEnkLC+JAjwpQL/XWrzgtWCuLdKKyndnb6h0=
